// !$*UTF8*$!
{
	archiveVersion = 1;
	classes = {
	};
	objectVersion = 53;
	objects = {

/* Begin PBXBuildFile section */
		C9D27D1F27F0927C00D26A7A /* Tests_iOS.swift in Sources */ = {isa = PBXBuildFile; fileRef = C9D27D1E27F0927C00D26A7A /* Tests_iOS.swift */; };
		C9D27D2127F0927C00D26A7A /* Tests_iOSLaunchTests.swift in Sources */ = {isa = PBXBuildFile; fileRef = C9D27D2027F0927C00D26A7A /* Tests_iOSLaunchTests.swift */; };
		C9D27D2E27F0927C00D26A7A /* iosApp.swift in Sources */ = {isa = PBXBuildFile; fileRef = C9D27D0627F0927B00D26A7A /* iosApp.swift */; };
		C9D27D3027F0927C00D26A7A /* ContentView.swift in Sources */ = {isa = PBXBuildFile; fileRef = C9D27D0727F0927B00D26A7A /* ContentView.swift */; };
		C9D27D3227F0927C00D26A7A /* Assets.xcassets in Resources */ = {isa = PBXBuildFile; fileRef = C9D27D0827F0927C00D26A7A /* Assets.xcassets */; };
		C9D27D4527F098B200D26A7A /* KMPNativeCoroutinesAsync in Frameworks */ = {isa = PBXBuildFile; productRef = C9D27D4427F098B200D26A7A /* KMPNativeCoroutinesAsync */; };
		C9D27D4727F098B200D26A7A /* KMPNativeCoroutinesCombine in Frameworks */ = {isa = PBXBuildFile; productRef = C9D27D4627F098B200D26A7A /* KMPNativeCoroutinesCombine */; };
		C9D27D4927F098B200D26A7A /* KMPNativeCoroutinesCore in Frameworks */ = {isa = PBXBuildFile; productRef = C9D27D4827F098B200D26A7A /* KMPNativeCoroutinesCore */; };
		C9D27D4B27F098B200D26A7A /* KMPNativeCoroutinesRxSwift in Frameworks */ = {isa = PBXBuildFile; productRef = C9D27D4A27F098B200D26A7A /* KMPNativeCoroutinesRxSwift */; };
/* End PBXBuildFile section */

/* Begin PBXContainerItemProxy section */
		C9D27D1B27F0927C00D26A7A /* PBXContainerItemProxy */ = {
			isa = PBXContainerItemProxy;
			containerPortal = C9D27D0127F0927B00D26A7A /* Project object */;
			proxyType = 1;
			remoteGlobalIDString = C9D27D0C27F0927C00D26A7A;
			remoteInfo = "ios (iOS)";
		};
/* End PBXContainerItemProxy section */

/* Begin PBXFileReference section */
		C9D27D0627F0927B00D26A7A /* iosApp.swift */ = {isa = PBXFileReference; lastKnownFileType = sourcecode.swift; path = iosApp.swift; sourceTree = "<group>"; };
		C9D27D0727F0927B00D26A7A /* ContentView.swift */ = {isa = PBXFileReference; lastKnownFileType = sourcecode.swift; path = ContentView.swift; sourceTree = "<group>"; };
		C9D27D0827F0927C00D26A7A /* Assets.xcassets */ = {isa = PBXFileReference; lastKnownFileType = folder.assetcatalog; path = Assets.xcassets; sourceTree = "<group>"; };
		C9D27D0D27F0927C00D26A7A /* Preview.app */ = {isa = PBXFileReference; explicitFileType = wrapper.application; includeInIndex = 0; path = Preview.app; sourceTree = BUILT_PRODUCTS_DIR; };
		C9D27D1A27F0927C00D26A7A /* Tests iOS.xctest */ = {isa = PBXFileReference; explicitFileType = wrapper.cfbundle; includeInIndex = 0; path = "Tests iOS.xctest"; sourceTree = BUILT_PRODUCTS_DIR; };
		C9D27D1E27F0927C00D26A7A /* Tests_iOS.swift */ = {isa = PBXFileReference; lastKnownFileType = sourcecode.swift; path = Tests_iOS.swift; sourceTree = "<group>"; };
		C9D27D2027F0927C00D26A7A /* Tests_iOSLaunchTests.swift */ = {isa = PBXFileReference; lastKnownFileType = sourcecode.swift; path = Tests_iOSLaunchTests.swift; sourceTree = "<group>"; };
/* End PBXFileReference section */

/* Begin PBXFrameworksBuildPhase section */
		C9D27D0A27F0927C00D26A7A /* Frameworks */ = {
			isa = PBXFrameworksBuildPhase;
			buildActionMask = 2147483647;
			files = (
				C9D27D4527F098B200D26A7A /* KMPNativeCoroutinesAsync in Frameworks */,
				C9D27D4727F098B200D26A7A /* KMPNativeCoroutinesCombine in Frameworks */,
				C9D27D4927F098B200D26A7A /* KMPNativeCoroutinesCore in Frameworks */,
				C9D27D4B27F098B200D26A7A /* KMPNativeCoroutinesRxSwift in Frameworks */,
			);
			runOnlyForDeploymentPostprocessing = 0;
		};
		C9D27D1727F0927C00D26A7A /* Frameworks */ = {
			isa = PBXFrameworksBuildPhase;
			buildActionMask = 2147483647;
			files = (
			);
			runOnlyForDeploymentPostprocessing = 0;
		};
/* End PBXFrameworksBuildPhase section */

/* Begin PBXGroup section */
		C9D27D0027F0927B00D26A7A = {
			isa = PBXGroup;
			children = (
				C9D27D0527F0927B00D26A7A /* Shared */,
				C9D27D1D27F0927C00D26A7A /* Tests iOS */,
				C9D27D0E27F0927C00D26A7A /* Products */,
			);
			sourceTree = "<group>";
		};
		C9D27D0527F0927B00D26A7A /* Shared */ = {
			isa = PBXGroup;
			children = (
				C9D27D0627F0927B00D26A7A /* iosApp.swift */,
				C9D27D0727F0927B00D26A7A /* ContentView.swift */,
				C9D27D0827F0927C00D26A7A /* Assets.xcassets */,
			);
			path = Shared;
			sourceTree = "<group>";
		};
		C9D27D0E27F0927C00D26A7A /* Products */ = {
			isa = PBXGroup;
			children = (
				C9D27D0D27F0927C00D26A7A /* Preview.app */,
				C9D27D1A27F0927C00D26A7A /* Tests iOS.xctest */,
			);
			name = Products;
			sourceTree = "<group>";
		};
		C9D27D1D27F0927C00D26A7A /* Tests iOS */ = {
			isa = PBXGroup;
			children = (
				C9D27D1E27F0927C00D26A7A /* Tests_iOS.swift */,
				C9D27D2027F0927C00D26A7A /* Tests_iOSLaunchTests.swift */,
			);
			path = "Tests iOS";
			sourceTree = "<group>";
		};
/* End PBXGroup section */

/* Begin PBXNativeTarget section */
		C9D27D0C27F0927C00D26A7A /* Preview (iOS) */ = {
			isa = PBXNativeTarget;
			buildConfigurationList = C9D27D3627F0927C00D26A7A /* Build configuration list for PBXNativeTarget "Preview (iOS)" */;
			buildPhases = (
				C9D27D4227F0978100D26A7A /* ShellScript */,
				C9D27D0927F0927C00D26A7A /* Sources */,
				C9D27D0A27F0927C00D26A7A /* Frameworks */,
				C9D27D0B27F0927C00D26A7A /* Resources */,
			);
			buildRules = (
			);
			dependencies = (
			);
			name = "Preview (iOS)";
			packageProductDependencies = (
				C9D27D4427F098B200D26A7A /* KMPNativeCoroutinesAsync */,
				C9D27D4627F098B200D26A7A /* KMPNativeCoroutinesCombine */,
				C9D27D4827F098B200D26A7A /* KMPNativeCoroutinesCore */,
				C9D27D4A27F098B200D26A7A /* KMPNativeCoroutinesRxSwift */,
			);
			productName = "ios (iOS)";
			productReference = C9D27D0D27F0927C00D26A7A /* Preview.app */;
			productType = "com.apple.product-type.application";
		};
		C9D27D1927F0927C00D26A7A /* Tests iOS */ = {
			isa = PBXNativeTarget;
			buildConfigurationList = C9D27D3C27F0927C00D26A7A /* Build configuration list for PBXNativeTarget "Tests iOS" */;
			buildPhases = (
				C9D27D1627F0927C00D26A7A /* Sources */,
				C9D27D1727F0927C00D26A7A /* Frameworks */,
				C9D27D1827F0927C00D26A7A /* Resources */,
			);
			buildRules = (
			);
			dependencies = (
				C9D27D1C27F0927C00D26A7A /* PBXTargetDependency */,
			);
			name = "Tests iOS";
			productName = "Tests iOS";
			productReference = C9D27D1A27F0927C00D26A7A /* Tests iOS.xctest */;
			productType = "com.apple.product-type.bundle.ui-testing";
		};
/* End PBXNativeTarget section */

/* Begin PBXProject section */
		C9D27D0127F0927B00D26A7A /* Project object */ = {
			isa = PBXProject;
			attributes = {
				BuildIndependentTargetsInParallel = 1;
				LastSwiftUpdateCheck = 1320;
				LastUpgradeCheck = 1320;
				ORGANIZATIONNAME = "Dropbox, Inc";
				TargetAttributes = {
					C9D27D0C27F0927C00D26A7A = {
						CreatedOnToolsVersion = 13.2.1;
					};
					C9D27D1927F0927C00D26A7A = {
						CreatedOnToolsVersion = 13.2.1;
						TestTargetID = C9D27D0C27F0927C00D26A7A;
					};
				};
			};
			buildConfigurationList = C9D27D0427F0927B00D26A7A /* Build configuration list for PBXProject "Preview" */;
			compatibilityVersion = "Xcode 9.3";
			developmentRegion = en;
			hasScannedForEncodings = 0;
			knownRegions = (
				en,
				Base,
			);
			mainGroup = C9D27D0027F0927B00D26A7A;
			packageReferences = (
				C9D27D4327F098B200D26A7A /* XCRemoteSwiftPackageReference "KMP-NativeCoroutines" */,
			);
			productRefGroup = C9D27D0E27F0927C00D26A7A /* Products */;
			projectDirPath = "";
			projectRoot = "";
			targets = (
				C9D27D0C27F0927C00D26A7A /* Preview (iOS) */,
				C9D27D1927F0927C00D26A7A /* Tests iOS */,
			);
		};
/* End PBXProject section */

/* Begin PBXResourcesBuildPhase section */
		C9D27D0B27F0927C00D26A7A /* Resources */ = {
			isa = PBXResourcesBuildPhase;
			buildActionMask = 2147483647;
			files = (
				C9D27D3227F0927C00D26A7A /* Assets.xcassets in Resources */,
			);
			runOnlyForDeploymentPostprocessing = 0;
		};
		C9D27D1827F0927C00D26A7A /* Resources */ = {
			isa = PBXResourcesBuildPhase;
			buildActionMask = 2147483647;
			files = (
			);
			runOnlyForDeploymentPostprocessing = 0;
		};
/* End PBXResourcesBuildPhase section */

/* Begin PBXShellScriptBuildPhase section */
		C9D27D4227F0978100D26A7A /* ShellScript */ = {
			isa = PBXShellScriptBuildPhase;
			buildActionMask = 2147483647;
			files = (
			);
			inputFileListPaths = (
			);
			inputPaths = (
			);
			outputFileListPaths = (
			);
			outputPaths = (
			);
			runOnlyForDeploymentPostprocessing = 0;
			shellPath = /bin/sh;
			shellScript = "# Type a script or drag a script file from your workspace to insert its path.\ncd \"$SRCROOT/../../..\"\n./gradlew :componentbox:embedAndSignAppleFrameworkForXcode\n";
		};
/* End PBXShellScriptBuildPhase section */

/* Begin PBXSourcesBuildPhase section */
		C9D27D0927F0927C00D26A7A /* Sources */ = {
			isa = PBXSourcesBuildPhase;
			buildActionMask = 2147483647;
			files = (
				C9D27D3027F0927C00D26A7A /* ContentView.swift in Sources */,
				C9D27D2E27F0927C00D26A7A /* iosApp.swift in Sources */,
			);
			runOnlyForDeploymentPostprocessing = 0;
		};
		C9D27D1627F0927C00D26A7A /* Sources */ = {
			isa = PBXSourcesBuildPhase;
			buildActionMask = 2147483647;
			files = (
				C9D27D2127F0927C00D26A7A /* Tests_iOSLaunchTests.swift in Sources */,
				C9D27D1F27F0927C00D26A7A /* Tests_iOS.swift in Sources */,
			);
			runOnlyForDeploymentPostprocessing = 0;
		};
/* End PBXSourcesBuildPhase section */

/* Begin PBXTargetDependency section */
		C9D27D1C27F0927C00D26A7A /* PBXTargetDependency */ = {
			isa = PBXTargetDependency;
			target = C9D27D0C27F0927C00D26A7A /* Preview (iOS) */;
			targetProxy = C9D27D1B27F0927C00D26A7A /* PBXContainerItemProxy */;
		};
/* End PBXTargetDependency section */

/* Begin XCBuildConfiguration section */
		C9D27D3427F0927C00D26A7A /* Debug */ = {
			isa = XCBuildConfiguration;
			buildSettings = {
				ALWAYS_SEARCH_USER_PATHS = NO;
				CLANG_ANALYZER_NONNULL = YES;
				CLANG_ANALYZER_NUMBER_OBJECT_CONVERSION = YES_AGGRESSIVE;
				CLANG_CXX_LANGUAGE_STANDARD = "gnu++17";
				CLANG_CXX_LIBRARY = "libc++";
				CLANG_ENABLE_MODULES = YES;
				CLANG_ENABLE_OBJC_ARC = YES;
				CLANG_ENABLE_OBJC_WEAK = YES;
				CLANG_WARN_BLOCK_CAPTURE_AUTORELEASING = YES;
				CLANG_WARN_BOOL_CONVERSION = YES;
				CLANG_WARN_COMMA = YES;
				CLANG_WARN_CONSTANT_CONVERSION = YES;
				CLANG_WARN_DEPRECATED_OBJC_IMPLEMENTATIONS = YES;
				CLANG_WARN_DIRECT_OBJC_ISA_USAGE = YES_ERROR;
				CLANG_WARN_DOCUMENTATION_COMMENTS = YES;
				CLANG_WARN_EMPTY_BODY = YES;
				CLANG_WARN_ENUM_CONVERSION = YES;
				CLANG_WARN_INFINITE_RECURSION = YES;
				CLANG_WARN_INT_CONVERSION = YES;
				CLANG_WARN_NON_LITERAL_NULL_CONVERSION = YES;
				CLANG_WARN_OBJC_IMPLICIT_RETAIN_SELF = YES;
				CLANG_WARN_OBJC_LITERAL_CONVERSION = YES;
				CLANG_WARN_OBJC_ROOT_CLASS = YES_ERROR;
				CLANG_WARN_QUOTED_INCLUDE_IN_FRAMEWORK_HEADER = YES;
				CLANG_WARN_RANGE_LOOP_ANALYSIS = YES;
				CLANG_WARN_STRICT_PROTOTYPES = YES;
				CLANG_WARN_SUSPICIOUS_MOVE = YES;
				CLANG_WARN_UNGUARDED_AVAILABILITY = YES_AGGRESSIVE;
				CLANG_WARN_UNREACHABLE_CODE = YES;
				CLANG_WARN__DUPLICATE_METHOD_MATCH = YES;
				COPY_PHASE_STRIP = NO;
				DEBUG_INFORMATION_FORMAT = dwarf;
				ENABLE_STRICT_OBJC_MSGSEND = YES;
				ENABLE_TESTABILITY = YES;
				GCC_C_LANGUAGE_STANDARD = gnu11;
				GCC_DYNAMIC_NO_PIC = NO;
				GCC_NO_COMMON_BLOCKS = YES;
				GCC_OPTIMIZATION_LEVEL = 0;
				GCC_PREPROCESSOR_DEFINITIONS = (
					"DEBUG=1",
					"$(inherited)",
				);
				GCC_WARN_64_TO_32_BIT_CONVERSION = YES;
				GCC_WARN_ABOUT_RETURN_TYPE = YES_ERROR;
				GCC_WARN_UNDECLARED_SELECTOR = YES;
				GCC_WARN_UNINITIALIZED_AUTOS = YES_AGGRESSIVE;
				GCC_WARN_UNUSED_FUNCTION = YES;
				GCC_WARN_UNUSED_VARIABLE = YES;
				IPHONEOS_DEPLOYMENT_TARGET = 13.2;
				MTL_ENABLE_DEBUG_INFO = INCLUDE_SOURCE;
				MTL_FAST_MATH = YES;
				ONLY_ACTIVE_ARCH = YES;
				SWIFT_ACTIVE_COMPILATION_CONDITIONS = DEBUG;
				SWIFT_OPTIMIZATION_LEVEL = "-Onone";
			};
			name = Debug;
		};
		C9D27D3527F0927C00D26A7A /* Release */ = {
			isa = XCBuildConfiguration;
			buildSettings = {
				ALWAYS_SEARCH_USER_PATHS = NO;
				CLANG_ANALYZER_NONNULL = YES;
				CLANG_ANALYZER_NUMBER_OBJECT_CONVERSION = YES_AGGRESSIVE;
				CLANG_CXX_LANGUAGE_STANDARD = "gnu++17";
				CLANG_CXX_LIBRARY = "libc++";
				CLANG_ENABLE_MODULES = YES;
				CLANG_ENABLE_OBJC_ARC = YES;
				CLANG_ENABLE_OBJC_WEAK = YES;
				CLANG_WARN_BLOCK_CAPTURE_AUTORELEASING = YES;
				CLANG_WARN_BOOL_CONVERSION = YES;
				CLANG_WARN_COMMA = YES;
				CLANG_WARN_CONSTANT_CONVERSION = YES;
				CLANG_WARN_DEPRECATED_OBJC_IMPLEMENTATIONS = YES;
				CLANG_WARN_DIRECT_OBJC_ISA_USAGE = YES_ERROR;
				CLANG_WARN_DOCUMENTATION_COMMENTS = YES;
				CLANG_WARN_EMPTY_BODY = YES;
				CLANG_WARN_ENUM_CONVERSION = YES;
				CLANG_WARN_INFINITE_RECURSION = YES;
				CLANG_WARN_INT_CONVERSION = YES;
				CLANG_WARN_NON_LITERAL_NULL_CONVERSION = YES;
				CLANG_WARN_OBJC_IMPLICIT_RETAIN_SELF = YES;
				CLANG_WARN_OBJC_LITERAL_CONVERSION = YES;
				CLANG_WARN_OBJC_ROOT_CLASS = YES_ERROR;
				CLANG_WARN_QUOTED_INCLUDE_IN_FRAMEWORK_HEADER = YES;
				CLANG_WARN_RANGE_LOOP_ANALYSIS = YES;
				CLANG_WARN_STRICT_PROTOTYPES = YES;
				CLANG_WARN_SUSPICIOUS_MOVE = YES;
				CLANG_WARN_UNGUARDED_AVAILABILITY = YES_AGGRESSIVE;
				CLANG_WARN_UNREACHABLE_CODE = YES;
				CLANG_WARN__DUPLICATE_METHOD_MATCH = YES;
				COPY_PHASE_STRIP = NO;
				DEBUG_INFORMATION_FORMAT = "dwarf-with-dsym";
				ENABLE_NS_ASSERTIONS = NO;
				ENABLE_STRICT_OBJC_MSGSEND = YES;
				GCC_C_LANGUAGE_STANDARD = gnu11;
				GCC_NO_COMMON_BLOCKS = YES;
				GCC_WARN_64_TO_32_BIT_CONVERSION = YES;
				GCC_WARN_ABOUT_RETURN_TYPE = YES_ERROR;
				GCC_WARN_UNDECLARED_SELECTOR = YES;
				GCC_WARN_UNINITIALIZED_AUTOS = YES_AGGRESSIVE;
				GCC_WARN_UNUSED_FUNCTION = YES;
				GCC_WARN_UNUSED_VARIABLE = YES;
				IPHONEOS_DEPLOYMENT_TARGET = 13.2;
				MTL_ENABLE_DEBUG_INFO = NO;
				MTL_FAST_MATH = YES;
				SWIFT_COMPILATION_MODE = wholemodule;
				SWIFT_OPTIMIZATION_LEVEL = "-O";
			};
			name = Release;
		};
		C9D27D3727F0927C00D26A7A /* Debug */ = {
			isa = XCBuildConfiguration;
			buildSettings = {
				ASSETCATALOG_COMPILER_APPICON_NAME = AppIcon;
				ASSETCATALOG_COMPILER_GLOBAL_ACCENT_COLOR_NAME = AccentColor;
				CODE_SIGN_IDENTITY = "Apple Development";
				CODE_SIGN_STYLE = Automatic;
				CURRENT_PROJECT_VERSION = 1;
				DEVELOPMENT_TEAM = 25H7RUA2Q7;
				ENABLE_PREVIEWS = YES;
				FRAMEWORK_SEARCH_PATHS = "$(SRCROOT)/../../../componentbox/build/xcode-frameworks/$(CONFIGURATION)/$(SDK_NAME)";
				GENERATE_INFOPLIST_FILE = YES;
				INFOPLIST_KEY_UIApplicationSceneManifest_Generation = YES;
				INFOPLIST_KEY_UIApplicationSupportsIndirectInputEvents = YES;
				INFOPLIST_KEY_UILaunchScreen_Generation = YES;
				INFOPLIST_KEY_UISupportedInterfaceOrientations_iPad = "UIInterfaceOrientationPortrait UIInterfaceOrientationPortraitUpsideDown UIInterfaceOrientationLandscapeLeft UIInterfaceOrientationLandscapeRight";
				INFOPLIST_KEY_UISupportedInterfaceOrientations_iPhone = "UIInterfaceOrientationPortrait UIInterfaceOrientationLandscapeLeft UIInterfaceOrientationLandscapeRight";
				IPHONEOS_DEPLOYMENT_TARGET = 15.2;
				LD_RUNPATH_SEARCH_PATHS = (
					"$(inherited)",
					"@executable_path/Frameworks",
				);
				MARKETING_VERSION = "0.1.0-alpha";
				OTHER_LDFLAGS = (
					"$(inherited)",
					"-framework",
					componentbox,
				);
				PRODUCT_BUNDLE_IDENTIFIER = io.componentbox.ios;
				PRODUCT_NAME = Preview;
				PROVISIONING_PROFILE_SPECIFIER = "";
				SDKROOT = iphoneos;
				SWIFT_EMIT_LOC_STRINGS = YES;
				SWIFT_VERSION = 5.0;
				TARGETED_DEVICE_FAMILY = "1,2";
			};
			name = Debug;
		};
		C9D27D3827F0927C00D26A7A /* Release */ = {
			isa = XCBuildConfiguration;
			buildSettings = {
				ASSETCATALOG_COMPILER_APPICON_NAME = AppIcon;
				ASSETCATALOG_COMPILER_GLOBAL_ACCENT_COLOR_NAME = AccentColor;
				CODE_SIGN_IDENTITY = "Apple Development";
				CODE_SIGN_STYLE = Automatic;
				CURRENT_PROJECT_VERSION = 1;
				DEVELOPMENT_TEAM = 25H7RUA2Q7;
				ENABLE_PREVIEWS = YES;
				FRAMEWORK_SEARCH_PATHS = "$(SRCROOT)/../../../componentbox/build/xcode-frameworks/$(CONFIGURATION)/$(SDK_NAME)";
				GENERATE_INFOPLIST_FILE = YES;
				INFOPLIST_KEY_UIApplicationSceneManifest_Generation = YES;
				INFOPLIST_KEY_UIApplicationSupportsIndirectInputEvents = YES;
				INFOPLIST_KEY_UILaunchScreen_Generation = YES;
				INFOPLIST_KEY_UISupportedInterfaceOrientations_iPad = "UIInterfaceOrientationPortrait UIInterfaceOrientationPortraitUpsideDown UIInterfaceOrientationLandscapeLeft UIInterfaceOrientationLandscapeRight";
				INFOPLIST_KEY_UISupportedInterfaceOrientations_iPhone = "UIInterfaceOrientationPortrait UIInterfaceOrientationLandscapeLeft UIInterfaceOrientationLandscapeRight";
				IPHONEOS_DEPLOYMENT_TARGET = 15.2;
				LD_RUNPATH_SEARCH_PATHS = (
					"$(inherited)",
					"@executable_path/Frameworks",
				);
				MARKETING_VERSION = "0.1.0-alpha";
				OTHER_LDFLAGS = (
					"$(inherited)",
					"-framework",
					componentbox,
				);
				PRODUCT_BUNDLE_IDENTIFIER = io.componentbox.ios;
				PRODUCT_NAME = Preview;
				PROVISIONING_PROFILE_SPECIFIER = "";
				SDKROOT = iphoneos;
				SWIFT_EMIT_LOC_STRINGS = YES;
				SWIFT_VERSION = 5.0;
				TARGETED_DEVICE_FAMILY = "1,2";
				VALIDATE_PRODUCT = YES;
			};
			name = Release;
		};
		C9D27D3D27F0927C00D26A7A /* Debug */ = {
			isa = XCBuildConfiguration;
			buildSettings = {
				ALWAYS_EMBED_SWIFT_STANDARD_LIBRARIES = YES;
				"CODE_SIGN_IDENTITY[sdk=macosx*]" = "Apple Development";
				CODE_SIGN_STYLE = Automatic;
				CURRENT_PROJECT_VERSION = 1;
				GENERATE_INFOPLIST_FILE = YES;
				IPHONEOS_DEPLOYMENT_TARGET = 15.2;
				MARKETING_VERSION = 1.0;
				PRODUCT_BUNDLE_IDENTIFIER = "com.dropbox.componentbox.Tests-iOS";
				PRODUCT_NAME = "$(TARGET_NAME)";
				SDKROOT = iphoneos;
				SWIFT_EMIT_LOC_STRINGS = NO;
				SWIFT_VERSION = 5.0;
				TARGETED_DEVICE_FAMILY = "1,2";
				TEST_TARGET_NAME = "ios (iOS)";
			};
			name = Debug;
		};
		C9D27D3E27F0927C00D26A7A /* Release */ = {
			isa = XCBuildConfiguration;
			buildSettings = {
				ALWAYS_EMBED_SWIFT_STANDARD_LIBRARIES = YES;
				"CODE_SIGN_IDENTITY[sdk=macosx*]" = "Apple Development";
				CODE_SIGN_STYLE = Automatic;
				CURRENT_PROJECT_VERSION = 1;
				GENERATE_INFOPLIST_FILE = YES;
				IPHONEOS_DEPLOYMENT_TARGET = 15.2;
				MARKETING_VERSION = 1.0;
				PRODUCT_BUNDLE_IDENTIFIER = "com.dropbox.componentbox.Tests-iOS";
				PRODUCT_NAME = "$(TARGET_NAME)";
				SDKROOT = iphoneos;
				SWIFT_EMIT_LOC_STRINGS = NO;
				SWIFT_VERSION = 5.0;
				TARGETED_DEVICE_FAMILY = "1,2";
				TEST_TARGET_NAME = "ios (iOS)";
				VALIDATE_PRODUCT = YES;
			};
			name = Release;
		};
/* End XCBuildConfiguration section */

/* Begin XCConfigurationList section */
		C9D27D0427F0927B00D26A7A /* Build configuration list for PBXProject "Preview" */ = {
			isa = XCConfigurationList;
			buildConfigurations = (
				C9D27D3427F0927C00D26A7A /* Debug */,
				C9D27D3527F0927C00D26A7A /* Release */,
			);
			defaultConfigurationIsVisible = 0;
			defaultConfigurationName = Release;
		};
		C9D27D3627F0927C00D26A7A /* Build configuration list for PBXNativeTarget "Preview (iOS)" */ = {
			isa = XCConfigurationList;
			buildConfigurations = (
				C9D27D3727F0927C00D26A7A /* Debug */,
				C9D27D3827F0927C00D26A7A /* Release */,
			);
			defaultConfigurationIsVisible = 0;
			defaultConfigurationName = Release;
		};
		C9D27D3C27F0927C00D26A7A /* Build configuration list for PBXNativeTarget "Tests iOS" */ = {
			isa = XCConfigurationList;
			buildConfigurations = (
				C9D27D3D27F0927C00D26A7A /* Debug */,
				C9D27D3E27F0927C00D26A7A /* Release */,
			);
			defaultConfigurationIsVisible = 0;
			defaultConfigurationName = Release;
		};
/* End XCConfigurationList section */

/* Begin XCRemoteSwiftPackageReference section */
		C9D27D4327F098B200D26A7A /* XCRemoteSwiftPackageReference "KMP-NativeCoroutines" */ = {
			isa = XCRemoteSwiftPackageReference;
			repositoryURL = "https://github.com/rickclephas/KMP-NativeCoroutines.git";
			requirement = {
				branch = master;
				kind = branch;
			};
		};
/* End XCRemoteSwiftPackageReference section */

/* Begin XCSwiftPackageProductDependency section */
		C9D27D4427F098B200D26A7A /* KMPNativeCoroutinesAsync */ = {
			isa = XCSwiftPackageProductDependency;
			package = C9D27D4327F098B200D26A7A /* XCRemoteSwiftPackageReference "KMP-NativeCoroutines" */;
			productName = KMPNativeCoroutinesAsync;
		};
		C9D27D4627F098B200D26A7A /* KMPNativeCoroutinesCombine */ = {
			isa = XCSwiftPackageProductDependency;
			package = C9D27D4327F098B200D26A7A /* XCRemoteSwiftPackageReference "KMP-NativeCoroutines" */;
			productName = KMPNativeCoroutinesCombine;
		};
		C9D27D4827F098B200D26A7A /* KMPNativeCoroutinesCore */ = {
			isa = XCSwiftPackageProductDependency;
			package = C9D27D4327F098B200D26A7A /* XCRemoteSwiftPackageReference "KMP-NativeCoroutines" */;
			productName = KMPNativeCoroutinesCore;
		};
		C9D27D4A27F098B200D26A7A /* KMPNativeCoroutinesRxSwift */ = {
			isa = XCSwiftPackageProductDependency;
			package = C9D27D4327F098B200D26A7A /* XCRemoteSwiftPackageReference "KMP-NativeCoroutines" */;
			productName = KMPNativeCoroutinesRxSwift;
		};
/* End XCSwiftPackageProductDependency section */
	};
	rootObject = C9D27D0127F0927B00D26A7A /* Project object */;
}
