{
  "pins" : [
    {
      "identity" : "componentboxpackage",
      "kind" : "remoteSourceControl",
      "location" : "https://github.com/matt-ramotar/ComponentBoxPackage.git",
      "state" : {
        "branch" : "master",
        "revision" : "567fd919c0c222b7187bd17090ba142e0595f60b"
      }
    },
    {
      "identity" : "kmp-nativecoroutines",
      "kind" : "remoteSourceControl",
      "location" : "https://github.com/rickclephas/KMP-NativeCoroutines.git",
      "state" : {
        "branch" : "master",
        "revision" : "c6b134ab947a97a212b18d1a80b26bcef013511e"
      }
    },
    {
      "identity" : "rxswift",
      "kind" : "remoteSourceControl",
      "location" : "https://github.com/ReactiveX/RxSwift.git",
      "state" : {
        "revision" : "b4307ba0b6425c0ba4178e138799946c3da594f8",
        "version" : "6.5.0"
      }
    }
  ],
  "version" : 2
}
